
Microsoft Visual Studio Solution File, Format Version 12.00
# Visual Studio Version 17
VisualStudioVersion = 17.14.36414.22 d17.14
MinimumVisualStudioVersion = 10.0.40219.1
Project("{FAE04EC0-301F-11D3-BF4B-00C04F79EFBC}") = "taller1poo.2025.core", "taller1poo.2025.core\taller1poo.2025.core.csproj", "{B08C9837-C1BA-453E-9864-1EA4A93285CC}"
EndProject
Project("{FAE04EC0-301F-11D3-BF4B-00C04F79EFBC}") = "taller1poo.console", "taller1poo.console\taller1poo.console.csproj", "{AE6B5772-E0E8-46B9-BE84-6A69B69E7023}"
EndProject
Global
	GlobalSection(SolutionConfigurationPlatforms) = preSolution
		Debug|Any CPU = Debug|Any CPU
		Release|Any CPU = Release|Any CPU
	EndGlobalSection
	GlobalSection(ProjectConfigurationPlatforms) = postSolution
		{B08C9837-C1BA-453E-9864-1EA4A93285CC}.Debug|Any CPU.ActiveCfg = Debug|Any CPU
		{B08C9837-C1BA-453E-9864-1EA4A93285CC}.Debug|Any CPU.Build.0 = Debug|Any CPU
		{B08C9837-C1BA-453E-9864-1EA4A93285CC}.Release|Any CPU.ActiveCfg = Release|Any CPU
		{B08C9837-C1BA-453E-9864-1EA4A93285CC}.Release|Any CPU.Build.0 = Release|Any CPU
		{AE6B5772-E0E8-46B9-BE84-6A69B69E7023}.Debug|Any CPU.ActiveCfg = Debug|Any CPU
		{AE6B5772-E0E8-46B9-BE84-6A69B69E7023}.Debug|Any CPU.Build.0 = Debug|Any CPU
		{AE6B5772-E0E8-46B9-BE84-6A69B69E7023}.Release|Any CPU.ActiveCfg = Release|Any CPU
		{AE6B5772-E0E8-46B9-BE84-6A69B69E7023}.Release|Any CPU.Build.0 = Release|Any CPU
	EndGlobalSection
	GlobalSection(SolutionProperties) = preSolution
		HideSolutionNode = FALSE
	EndGlobalSection
	GlobalSection(ExtensibilityGlobals) = postSolution
		SolutionGuid = {EF594C04-FAB4-4118-9515-5D4B9D78D450}
	EndGlobalSection
EndGlobal
